// !$*UTF8*$!
{
	archiveVersion = 1;
	classes = {
	};
	objectVersion = 50;
	objects = {

/* Begin PBXBuildFile section */
		18BFA73322BD5EFE000C09B7 /* AppDelegate.swift in Sources */ = {isa = PBXBuildFile; fileRef = 18BFA73222BD5EFE000C09B7 /* AppDelegate.swift */; };
		18BFA73522BD5EFE000C09B7 /* ViewController.swift in Sources */ = {isa = PBXBuildFile; fileRef = 18BFA73422BD5EFE000C09B7 /* ViewController.swift */; };
		18BFA73822BD5EFE000C09B7 /* Main.storyboard in Resources */ = {isa = PBXBuildFile; fileRef = 18BFA73622BD5EFE000C09B7 /* Main.storyboard */; };
		18BFA73A22BD5F00000C09B7 /* Assets.xcassets in Resources */ = {isa = PBXBuildFile; fileRef = 18BFA73922BD5F00000C09B7 /* Assets.xcassets */; };
		18BFA73D22BD5F00000C09B7 /* LaunchScreen.storyboard in Resources */ = {isa = PBXBuildFile; fileRef = 18BFA73B22BD5F00000C09B7 /* LaunchScreen.storyboard */; };
		18BFA74822BD5F00000C09B7 /* SeguesPracticeTests.swift in Sources */ = {isa = PBXBuildFile; fileRef = 18BFA74722BD5F00000C09B7 /* SeguesPracticeTests.swift */; };
		18BFA75322BD5F00000C09B7 /* SeguesPracticeUITests.swift in Sources */ = {isa = PBXBuildFile; fileRef = 18BFA75222BD5F00000C09B7 /* SeguesPracticeUITests.swift */; };
/* End PBXBuildFile section */

/* Begin PBXContainerItemProxy section */
		18BFA74422BD5F00000C09B7 /* PBXContainerItemProxy */ = {
			isa = PBXContainerItemProxy;
			containerPortal = 18BFA72722BD5EFE000C09B7 /* Project object */;
			proxyType = 1;
			remoteGlobalIDString = 18BFA72E22BD5EFE000C09B7;
			remoteInfo = SeguesPractice;
		};
		18BFA74F22BD5F00000C09B7 /* PBXContainerItemProxy */ = {
			isa = PBXContainerItemProxy;
			containerPortal = 18BFA72722BD5EFE000C09B7 /* Project object */;
			proxyType = 1;
			remoteGlobalIDString = 18BFA72E22BD5EFE000C09B7;
			remoteInfo = SeguesPractice;
		};
/* End PBXContainerItemProxy section */

/* Begin PBXFileReference section */
		18BFA72F22BD5EFE000C09B7 /* SeguesPractice.app */ = {isa = PBXFileReference; explicitFileType = wrapper.application; includeInIndex = 0; path = SeguesPractice.app; sourceTree = BUILT_PRODUCTS_DIR; };
		18BFA73222BD5EFE000C09B7 /* AppDelegate.swift */ = {isa = PBXFileReference; lastKnownFileType = sourcecode.swift; path = AppDelegate.swift; sourceTree = "<group>"; };
		18BFA73422BD5EFE000C09B7 /* ViewController.swift */ = {isa = PBXFileReference; lastKnownFileType = sourcecode.swift; path = ViewController.swift; sourceTree = "<group>"; };
		18BFA73722BD5EFE000C09B7 /* Base */ = {isa = PBXFileReference; lastKnownFileType = file.storyboard; name = Base; path = Base.lproj/Main.storyboard; sourceTree = "<group>"; };
		18BFA73922BD5F00000C09B7 /* Assets.xcassets */ = {isa = PBXFileReference; lastKnownFileType = folder.assetcatalog; path = Assets.xcassets; sourceTree = "<group>"; };
		18BFA73C22BD5F00000C09B7 /* Base */ = {isa = PBXFileReference; lastKnownFileType = file.storyboard; name = Base; path = Base.lproj/LaunchScreen.storyboard; sourceTree = "<group>"; };
		18BFA73E22BD5F00000C09B7 /* Info.plist */ = {isa = PBXFileReference; lastKnownFileType = text.plist.xml; path = Info.plist; sourceTree = "<group>"; };
		18BFA74322BD5F00000C09B7 /* SeguesPracticeTests.xctest */ = {isa = PBXFileReference; explicitFileType = wrapper.cfbundle; includeInIndex = 0; path = SeguesPracticeTests.xctest; sourceTree = BUILT_PRODUCTS_DIR; };
		18BFA74722BD5F00000C09B7 /* SeguesPracticeTests.swift */ = {isa = PBXFileReference; lastKnownFileType = sourcecode.swift; path = SeguesPracticeTests.swift; sourceTree = "<group>"; };
		18BFA74922BD5F00000C09B7 /* Info.plist */ = {isa = PBXFileReference; lastKnownFileType = text.plist.xml; path = Info.plist; sourceTree = "<group>"; };
		18BFA74E22BD5F00000C09B7 /* SeguesPracticeUITests.xctest */ = {isa = PBXFileReference; explicitFileType = wrapper.cfbundle; includeInIndex = 0; path = SeguesPracticeUITests.xctest; sourceTree = BUILT_PRODUCTS_DIR; };
		18BFA75222BD5F00000C09B7 /* SeguesPracticeUITests.swift */ = {isa = PBXFileReference; lastKnownFileType = sourcecode.swift; path = SeguesPracticeUITests.swift; sourceTree = "<group>"; };
		18BFA75422BD5F00000C09B7 /* Info.plist */ = {isa = PBXFileReference; lastKnownFileType = text.plist.xml; path = Info.plist; sourceTree = "<group>"; };
/* End PBXFileReference section */

/* Begin PBXFrameworksBuildPhase section */
		18BFA72C22BD5EFE000C09B7 /* Frameworks */ = {
			isa = PBXFrameworksBuildPhase;
			buildActionMask = 2147483647;
			files = (
			);
			runOnlyForDeploymentPostprocessing = 0;
		};
		18BFA74022BD5F00000C09B7 /* Frameworks */ = {
			isa = PBXFrameworksBuildPhase;
			buildActionMask = 2147483647;
			files = (
			);
			runOnlyForDeploymentPostprocessing = 0;
		};
		18BFA74B22BD5F00000C09B7 /* Frameworks */ = {
			isa = PBXFrameworksBuildPhase;
			buildActionMask = 2147483647;
			files = (
			);
			runOnlyForDeploymentPostprocessing = 0;
		};
/* End PBXFrameworksBuildPhase section */

/* Begin PBXGroup section */
		18BFA72622BD5EFE000C09B7 = {
			isa = PBXGroup;
			children = (
				18BFA73122BD5EFE000C09B7 /* SeguesPractice */,
				18BFA74622BD5F00000C09B7 /* SeguesPracticeTests */,
				18BFA75122BD5F00000C09B7 /* SeguesPracticeUITests */,
				18BFA73022BD5EFE000C09B7 /* Products */,
			);
			sourceTree = "<group>";
		};
		18BFA73022BD5EFE000C09B7 /* Products */ = {
			isa = PBXGroup;
			children = (
				18BFA72F22BD5EFE000C09B7 /* SeguesPractice.app */,
				18BFA74322BD5F00000C09B7 /* SeguesPracticeTests.xctest */,
				18BFA74E22BD5F00000C09B7 /* SeguesPracticeUITests.xctest */,
			);
			name = Products;
			sourceTree = "<group>";
		};
		18BFA73122BD5EFE000C09B7 /* SeguesPractice */ = {
			isa = PBXGroup;
			children = (
				18BFA73222BD5EFE000C09B7 /* AppDelegate.swift */,
				18BFA73422BD5EFE000C09B7 /* ViewController.swift */,
				18BFA73622BD5EFE000C09B7 /* Main.storyboard */,
				18BFA73922BD5F00000C09B7 /* Assets.xcassets */,
				18BFA73B22BD5F00000C09B7 /* LaunchScreen.storyboard */,
				18BFA73E22BD5F00000C09B7 /* Info.plist */,
			);
			path = SeguesPractice;
			sourceTree = "<group>";
		};
		18BFA74622BD5F00000C09B7 /* SeguesPracticeTests */ = {
			isa = PBXGroup;
			children = (
				18BFA74722BD5F00000C09B7 /* SeguesPracticeTests.swift */,
				18BFA74922BD5F00000C09B7 /* Info.plist */,
			);
			path = SeguesPracticeTests;
			sourceTree = "<group>";
		};
		18BFA75122BD5F00000C09B7 /* SeguesPracticeUITests */ = {
			isa = PBXGroup;
			children = (
				18BFA75222BD5F00000C09B7 /* SeguesPracticeUITests.swift */,
				18BFA75422BD5F00000C09B7 /* Info.plist */,
			);
			path = SeguesPracticeUITests;
			sourceTree = "<group>";
		};
/* End PBXGroup section */

/* Begin PBXNativeTarget section */
		18BFA72E22BD5EFE000C09B7 /* SeguesPractice */ = {
			isa = PBXNativeTarget;
			buildConfigurationList = 18BFA75722BD5F00000C09B7 /* Build configuration list for PBXNativeTarget "SeguesPractice" */;
			buildPhases = (
				18BFA72B22BD5EFE000C09B7 /* Sources */,
				18BFA72C22BD5EFE000C09B7 /* Frameworks */,
				18BFA72D22BD5EFE000C09B7 /* Resources */,
			);
			buildRules = (
			);
			dependencies = (
			);
			name = SeguesPractice;
			productName = SeguesPractice;
			productReference = 18BFA72F22BD5EFE000C09B7 /* SeguesPractice.app */;
			productType = "com.apple.product-type.application";
		};
		18BFA74222BD5F00000C09B7 /* SeguesPracticeTests */ = {
			isa = PBXNativeTarget;
			buildConfigurationList = 18BFA75A22BD5F00000C09B7 /* Build configuration list for PBXNativeTarget "SeguesPracticeTests" */;
			buildPhases = (
				18BFA73F22BD5F00000C09B7 /* Sources */,
				18BFA74022BD5F00000C09B7 /* Frameworks */,
				18BFA74122BD5F00000C09B7 /* Resources */,
			);
			buildRules = (
			);
			dependencies = (
				18BFA74522BD5F00000C09B7 /* PBXTargetDependency */,
			);
			name = SeguesPracticeTests;
			productName = SeguesPracticeTests;
			productReference = 18BFA74322BD5F00000C09B7 /* SeguesPracticeTests.xctest */;
			productType = "com.apple.product-type.bundle.unit-test";
		};
		18BFA74D22BD5F00000C09B7 /* SeguesPracticeUITests */ = {
			isa = PBXNativeTarget;
			buildConfigurationList = 18BFA75D22BD5F00000C09B7 /* Build configuration list for PBXNativeTarget "SeguesPracticeUITests" */;
			buildPhases = (
				18BFA74A22BD5F00000C09B7 /* Sources */,
				18BFA74B22BD5F00000C09B7 /* Frameworks */,
				18BFA74C22BD5F00000C09B7 /* Resources */,
			);
			buildRules = (
			);
			dependencies = (
				18BFA75022BD5F00000C09B7 /* PBXTargetDependency */,
			);
			name = SeguesPracticeUITests;
			productName = SeguesPracticeUITests;
			productReference = 18BFA74E22BD5F00000C09B7 /* SeguesPracticeUITests.xctest */;
			productType = "com.apple.product-type.bundle.ui-testing";
		};
/* End PBXNativeTarget section */

/* Begin PBXProject section */
		18BFA72722BD5EFE000C09B7 /* Project object */ = {
			isa = PBXProject;
			attributes = {
				LastSwiftUpdateCheck = 1020;
				LastUpgradeCheck = 1020;
				ORGANIZATIONNAME = Apple;
				TargetAttributes = {
					18BFA72E22BD5EFE000C09B7 = {
						CreatedOnToolsVersion = 10.2.1;
					};
					18BFA74222BD5F00000C09B7 = {
						CreatedOnToolsVersion = 10.2.1;
						TestTargetID = 18BFA72E22BD5EFE000C09B7;
					};
					18BFA74D22BD5F00000C09B7 = {
						CreatedOnToolsVersion = 10.2.1;
						TestTargetID = 18BFA72E22BD5EFE000C09B7;
					};
				};
			};
			buildConfigurationList = 18BFA72A22BD5EFE000C09B7 /* Build configuration list for PBXProject "SeguesPractice" */;
			compatibilityVersion = "Xcode 9.3";
			developmentRegion = en;
			hasScannedForEncodings = 0;
			knownRegions = (
				en,
				Base,
			);
			mainGroup = 18BFA72622BD5EFE000C09B7;
			productRefGroup = 18BFA73022BD5EFE000C09B7 /* Products */;
			projectDirPath = "";
			projectRoot = "";
			targets = (
				18BFA72E22BD5EFE000C09B7 /* SeguesPractice */,
				18BFA74222BD5F00000C09B7 /* SeguesPracticeTests */,
				18BFA74D22BD5F00000C09B7 /* SeguesPracticeUITests */,
			);
		};
/* End PBXProject section */

/* Begin PBXResourcesBuildPhase section */
		18BFA72D22BD5EFE000C09B7 /* Resources */ = {
			isa = PBXResourcesBuildPhase;
			buildActionMask = 2147483647;
			files = (
				18BFA73D22BD5F00000C09B7 /* LaunchScreen.storyboard in Resources */,
				18BFA73A22BD5F00000C09B7 /* Assets.xcassets in Resources */,
				18BFA73822BD5EFE000C09B7 /* Main.storyboard in Resources */,
			);
			runOnlyForDeploymentPostprocessing = 0;
		};
		18BFA74122BD5F00000C09B7 /* Resources */ = {
			isa = PBXResourcesBuildPhase;
			buildActionMask = 2147483647;
			files = (
			);
			runOnlyForDeploymentPostprocessing = 0;
		};
		18BFA74C22BD5F00000C09B7 /* Resources */ = {
			isa = PBXResourcesBuildPhase;
			buildActionMask = 2147483647;
			files = (
			);
			runOnlyForDeploymentPostprocessing = 0;
		};
/* End PBXResourcesBuildPhase section */

/* Begin PBXSourcesBuildPhase section */
		18BFA72B22BD5EFE000C09B7 /* Sources */ = {
			isa = PBXSourcesBuildPhase;
			buildActionMask = 2147483647;
			files = (
				18BFA73522BD5EFE000C09B7 /* ViewController.swift in Sources */,
				18BFA73322BD5EFE000C09B7 /* AppDelegate.swift in Sources */,
			);
			runOnlyForDeploymentPostprocessing = 0;
		};
		18BFA73F22BD5F00000C09B7 /* Sources */ = {
			isa = PBXSourcesBuildPhase;
			buildActionMask = 2147483647;
			files = (
				18BFA74822BD5F00000C09B7 /* SeguesPracticeTests.swift in Sources */,
			);
			runOnlyForDeploymentPostprocessing = 0;
		};
		18BFA74A22BD5F00000C09B7 /* Sources */ = {
			isa = PBXSourcesBuildPhase;
			buildActionMask = 2147483647;
			files = (
				18BFA75322BD5F00000C09B7 /* SeguesPracticeUITests.swift in Sources */,
			);
			runOnlyForDeploymentPostprocessing = 0;
		};
/* End PBXSourcesBuildPhase section */

/* Begin PBXTargetDependency section */
		18BFA74522BD5F00000C09B7 /* PBXTargetDependency */ = {
			isa = PBXTargetDependency;
			target = 18BFA72E22BD5EFE000C09B7 /* SeguesPractice */;
			targetProxy = 18BFA74422BD5F00000C09B7 /* PBXContainerItemProxy */;
		};
		18BFA75022BD5F00000C09B7 /* PBXTargetDependency */ = {
			isa = PBXTargetDependency;
			target = 18BFA72E22BD5EFE000C09B7 /* SeguesPractice */;
			targetProxy = 18BFA74F22BD5F00000C09B7 /* PBXContainerItemProxy */;
		};
/* End PBXTargetDependency section */

/* Begin PBXVariantGroup section */
		18BFA73622BD5EFE000C09B7 /* Main.storyboard */ = {
			isa = PBXVariantGroup;
			children = (
				18BFA73722BD5EFE000C09B7 /* Base */,
			);
			name = Main.storyboard;
			sourceTree = "<group>";
		};
		18BFA73B22BD5F00000C09B7 /* LaunchScreen.storyboard */ = {
			isa = PBXVariantGroup;
			children = (
				18BFA73C22BD5F00000C09B7 /* Base */,
			);
			name = LaunchScreen.storyboard;
			sourceTree = "<group>";
		};
/* End PBXVariantGroup section */

/* Begin XCBuildConfiguration section */
		18BFA75522BD5F00000C09B7 /* Debug */ = {
			isa = XCBuildConfiguration;
			buildSettings = {
				ALWAYS_SEARCH_USER_PATHS = NO;
				CLANG_ANALYZER_NONNULL = YES;
				CLANG_ANALYZER_NUMBER_OBJECT_CONVERSION = YES_AGGRESSIVE;
				CLANG_CXX_LANGUAGE_STANDARD = "gnu++14";
				CLANG_CXX_LIBRARY = "libc++";
				CLANG_ENABLE_MODULES = YES;
				CLANG_ENABLE_OBJC_ARC = YES;
				CLANG_ENABLE_OBJC_WEAK = YES;
				CLANG_WARN_BLOCK_CAPTURE_AUTORELEASING = YES;
				CLANG_WARN_BOOL_CONVERSION = YES;
				CLANG_WARN_COMMA = YES;
				CLANG_WARN_CONSTANT_CONVERSION = YES;
				CLANG_WARN_DEPRECATED_OBJC_IMPLEMENTATIONS = YES;
				CLANG_WARN_DIRECT_OBJC_ISA_USAGE = YES_ERROR;
				CLANG_WARN_DOCUMENTATION_COMMENTS = YES;
				CLANG_WARN_EMPTY_BODY = YES;
				CLANG_WARN_ENUM_CONVERSION = YES;
				CLANG_WARN_INFINITE_RECURSION = YES;
				CLANG_WARN_INT_CONVERSION = YES;
				CLANG_WARN_NON_LITERAL_NULL_CONVERSION = YES;
				CLANG_WARN_OBJC_IMPLICIT_RETAIN_SELF = YES;
				CLANG_WARN_OBJC_LITERAL_CONVERSION = YES;
				CLANG_WARN_OBJC_ROOT_CLASS = YES_ERROR;
				CLANG_WARN_RANGE_LOOP_ANALYSIS = YES;
				CLANG_WARN_STRICT_PROTOTYPES = YES;
				CLANG_WARN_SUSPICIOUS_MOVE = YES;
				CLANG_WARN_UNGUARDED_AVAILABILITY = YES_AGGRESSIVE;
				CLANG_WARN_UNREACHABLE_CODE = YES;
				CLANG_WARN__DUPLICATE_METHOD_MATCH = YES;
				CODE_SIGN_IDENTITY = "iPhone Developer";
				COPY_PHASE_STRIP = NO;
				DEBUG_INFORMATION_FORMAT = dwarf;
				ENABLE_STRICT_OBJC_MSGSEND = YES;
				ENABLE_TESTABILITY = YES;
				GCC_C_LANGUAGE_STANDARD = gnu11;
				GCC_DYNAMIC_NO_PIC = NO;
				GCC_NO_COMMON_BLOCKS = YES;
				GCC_OPTIMIZATION_LEVEL = 0;
				GCC_PREPROCESSOR_DEFINITIONS = (
					"DEBUG=1",
					"$(inherited)",
				);
				GCC_WARN_64_TO_32_BIT_CONVERSION = YES;
				GCC_WARN_ABOUT_RETURN_TYPE = YES_ERROR;
				GCC_WARN_UNDECLARED_SELECTOR = YES;
				GCC_WARN_UNINITIALIZED_AUTOS = YES_AGGRESSIVE;
				GCC_WARN_UNUSED_FUNCTION = YES;
				GCC_WARN_UNUSED_VARIABLE = YES;
				IPHONEOS_DEPLOYMENT_TARGET = 12.2;
				MTL_ENABLE_DEBUG_INFO = INCLUDE_SOURCE;
				MTL_FAST_MATH = YES;
				ONLY_ACTIVE_ARCH = YES;
				SDKROOT = iphoneos;
				SWIFT_ACTIVE_COMPILATION_CONDITIONS = DEBUG;
				SWIFT_OPTIMIZATION_LEVEL = "-Onone";
			};
			name = Debug;
		};
		18BFA75622BD5F00000C09B7 /* Release */ = {
			isa = XCBuildConfiguration;
			buildSettings = {
				ALWAYS_SEARCH_USER_PATHS = NO;
				CLANG_ANALYZER_NONNULL = YES;
				CLANG_ANALYZER_NUMBER_OBJECT_CONVERSION = YES_AGGRESSIVE;
				CLANG_CXX_LANGUAGE_STANDARD = "gnu++14";
				CLANG_CXX_LIBRARY = "libc++";
				CLANG_ENABLE_MODULES = YES;
				CLANG_ENABLE_OBJC_ARC = YES;
				CLANG_ENABLE_OBJC_WEAK = YES;
				CLANG_WARN_BLOCK_CAPTURE_AUTORELEASING = YES;
				CLANG_WARN_BOOL_CONVERSION = YES;
				CLANG_WARN_COMMA = YES;
				CLANG_WARN_CONSTANT_CONVERSION = YES;
				CLANG_WARN_DEPRECATED_OBJC_IMPLEMENTATIONS = YES;
				CLANG_WARN_DIRECT_OBJC_ISA_USAGE = YES_ERROR;
				CLANG_WARN_DOCUMENTATION_COMMENTS = YES;
				CLANG_WARN_EMPTY_BODY = YES;
				CLANG_WARN_ENUM_CONVERSION = YES;
				CLANG_WARN_INFINITE_RECURSION = YES;
				CLANG_WARN_INT_CONVERSION = YES;
				CLANG_WARN_NON_LITERAL_NULL_CONVERSION = YES;
				CLANG_WARN_OBJC_IMPLICIT_RETAIN_SELF = YES;
				CLANG_WARN_OBJC_LITERAL_CONVERSION = YES;
				CLANG_WARN_OBJC_ROOT_CLASS = YES_ERROR;
				CLANG_WARN_RANGE_LOOP_ANALYSIS = YES;
				CLANG_WARN_STRICT_PROTOTYPES = YES;
				CLANG_WARN_SUSPICIOUS_MOVE = YES;
				CLANG_WARN_UNGUARDED_AVAILABILITY = YES_AGGRESSIVE;
				CLANG_WARN_UNREACHABLE_CODE = YES;
				CLANG_WARN__DUPLICATE_METHOD_MATCH = YES;
				CODE_SIGN_IDENTITY = "iPhone Developer";
				COPY_PHASE_STRIP = NO;
				DEBUG_INFORMATION_FORMAT = "dwarf-with-dsym";
				ENABLE_NS_ASSERTIONS = NO;
				ENABLE_STRICT_OBJC_MSGSEND = YES;
				GCC_C_LANGUAGE_STANDARD = gnu11;
				GCC_NO_COMMON_BLOCKS = YES;
				GCC_WARN_64_TO_32_BIT_CONVERSION = YES;
				GCC_WARN_ABOUT_RETURN_TYPE = YES_ERROR;
				GCC_WARN_UNDECLARED_SELECTOR = YES;
				GCC_WARN_UNINITIALIZED_AUTOS = YES_AGGRESSIVE;
				GCC_WARN_UNUSED_FUNCTION = YES;
				GCC_WARN_UNUSED_VARIABLE = YES;
				IPHONEOS_DEPLOYMENT_TARGET = 12.2;
				MTL_ENABLE_DEBUG_INFO = NO;
				MTL_FAST_MATH = YES;
				SDKROOT = iphoneos;
				SWIFT_COMPILATION_MODE = wholemodule;
				SWIFT_OPTIMIZATION_LEVEL = "-O";
				VALIDATE_PRODUCT = YES;
			};
			name = Release;
		};
		18BFA75822BD5F00000C09B7 /* Debug */ = {
			isa = XCBuildConfiguration;
			buildSettings = {
				ASSETCATALOG_COMPILER_APPICON_NAME = AppIcon;
				CODE_SIGN_STYLE = Automatic;
				DEVELOPMENT_TEAM = 4GGT7GLU5Y;
				INFOPLIST_FILE = SeguesPractice/Info.plist;
				LD_RUNPATH_SEARCH_PATHS = (
					"$(inherited)",
					"@executable_path/Frameworks",
				);
				PRODUCT_BUNDLE_IDENTIFIER = KWK.SeguesPractice;
				PRODUCT_NAME = "$(TARGET_NAME)";
				SWIFT_VERSION = 5.0;
				TARGETED_DEVICE_FAMILY = "1,2";
			};
			name = Debug;
		};
		18BFA75922BD5F00000C09B7 /* Release */ = {
			isa = XCBuildConfiguration;
			buildSettings = {
				ASSETCATALOG_COMPILER_APPICON_NAME = AppIcon;
				CODE_SIGN_STYLE = Automatic;
				DEVELOPMENT_TEAM = 4GGT7GLU5Y;
				INFOPLIST_FILE = SeguesPractice/Info.plist;
				LD_RUNPATH_SEARCH_PATHS = (
					"$(inherited)",
					"@executable_path/Frameworks",
				);
				PRODUCT_BUNDLE_IDENTIFIER = KWK.SeguesPractice;
				PRODUCT_NAME = "$(TARGET_NAME)";
				SWIFT_VERSION = 5.0;
				TARGETED_DEVICE_FAMILY = "1,2";
			};
			name = Release;
		};
		18BFA75B22BD5F00000C09B7 /* Debug */ = {
			isa = XCBuildConfiguration;
			buildSettings = {
				ALWAYS_EMBED_SWIFT_STANDARD_LIBRARIES = YES;
				BUNDLE_LOADER = "$(TEST_HOST)";
				CODE_SIGN_STYLE = Automatic;
				INFOPLIST_FILE = SeguesPracticeTests/Info.plist;
				LD_RUNPATH_SEARCH_PATHS = (
					"$(inherited)",
					"@executable_path/Frameworks",
					"@loader_path/Frameworks",
				);
				PRODUCT_BUNDLE_IDENTIFIER = KWK.SeguesPracticeTests;
				PRODUCT_NAME = "$(TARGET_NAME)";
				SWIFT_VERSION = 5.0;
				TARGETED_DEVICE_FAMILY = "1,2";
				TEST_HOST = "$(BUILT_PRODUCTS_DIR)/SeguesPractice.app/SeguesPractice";
			};
			name = Debug;
		};
		18BFA75C22BD5F00000C09B7 /* Release */ = {
			isa = XCBuildConfiguration;
			buildSettings = {
				ALWAYS_EMBED_SWIFT_STANDARD_LIBRARIES = YES;
				BUNDLE_LOADER = "$(TEST_HOST)";
				CODE_SIGN_STYLE = Automatic;
				INFOPLIST_FILE = SeguesPracticeTests/Info.plist;
				LD_RUNPATH_SEARCH_PATHS = (
					"$(inherited)",
					"@executable_path/Frameworks",
					"@loader_path/Frameworks",
				);
				PRODUCT_BUNDLE_IDENTIFIER = KWK.SeguesPracticeTests;
				PRODUCT_NAME = "$(TARGET_NAME)";
				SWIFT_VERSION = 5.0;
				TARGETED_DEVICE_FAMILY = "1,2";
				TEST_HOST = "$(BUILT_PRODUCTS_DIR)/SeguesPractice.app/SeguesPractice";
			};
			name = Release;
		};
		18BFA75E22BD5F00000C09B7 /* Debug */ = {
			isa = XCBuildConfiguration;
			buildSettings = {
				ALWAYS_EMBED_SWIFT_STANDARD_LIBRARIES = YES;
				CODE_SIGN_STYLE = Automatic;
				INFOPLIST_FILE = SeguesPracticeUITests/Info.plist;
				LD_RUNPATH_SEARCH_PATHS = (
					"$(inherited)",
					"@executable_path/Frameworks",
					"@loader_path/Frameworks",
				);
				PRODUCT_BUNDLE_IDENTIFIER = KWK.SeguesPracticeUITests;
				PRODUCT_NAME = "$(TARGET_NAME)";
				SWIFT_VERSION = 5.0;
				TARGETED_DEVICE_FAMILY = "1,2";
				TEST_TARGET_NAME = SeguesPractice;
			};
			name = Debug;
		};
		18BFA75F22BD5F00000C09B7 /* Release */ = {
			isa = XCBuildConfiguration;
			buildSettings = {
				ALWAYS_EMBED_SWIFT_STANDARD_LIBRARIES = YES;
				CODE_SIGN_STYLE = Automatic;
				INFOPLIST_FILE = SeguesPracticeUITests/Info.plist;
				LD_RUNPATH_SEARCH_PATHS = (
					"$(inherited)",
					"@executable_path/Frameworks",
					"@loader_path/Frameworks",
				);
				PRODUCT_BUNDLE_IDENTIFIER = KWK.SeguesPracticeUITests;
				PRODUCT_NAME = "$(TARGET_NAME)";
				SWIFT_VERSION = 5.0;
				TARGETED_DEVICE_FAMILY = "1,2";
				TEST_TARGET_NAME = SeguesPractice;
			};
			name = Release;
		};
/* End XCBuildConfiguration section */

/* Begin XCConfigurationList section */
		18BFA72A22BD5EFE000C09B7 /* Build configuration list for PBXProject "SeguesPractice" */ = {
			isa = XCConfigurationList;
			buildConfigurations = (
				18BFA75522BD5F00000C09B7 /* Debug */,
				18BFA75622BD5F00000C09B7 /* Release */,
			);
			defaultConfigurationIsVisible = 0;
			defaultConfigurationName = Release;
		};
		18BFA75722BD5F00000C09B7 /* Build configuration list for PBXNativeTarget "SeguesPractice" */ = {
			isa = XCConfigurationList;
			buildConfigurations = (
				18BFA75822BD5F00000C09B7 /* Debug */,
				18BFA75922BD5F00000C09B7 /* Release */,
			);
			defaultConfigurationIsVisible = 0;
			defaultConfigurationName = Release;
		};
		18BFA75A22BD5F00000C09B7 /* Build configuration list for PBXNativeTarget "SeguesPracticeTests" */ = {
			isa = XCConfigurationList;
			buildConfigurations = (
				18BFA75B22BD5F00000C09B7 /* Debug */,
				18BFA75C22BD5F00000C09B7 /* Release */,
			);
			defaultConfigurationIsVisible = 0;
			defaultConfigurationName = Release;
		};
		18BFA75D22BD5F00000C09B7 /* Build configuration list for PBXNativeTarget "SeguesPracticeUITests" */ = {
			isa = XCConfigurationList;
			buildConfigurations = (
				18BFA75E22BD5F00000C09B7 /* Debug */,
				18BFA75F22BD5F00000C09B7 /* Release */,
			);
			defaultConfigurationIsVisible = 0;
			defaultConfigurationName = Release;
		};
/* End XCConfigurationList section */
	};
	rootObject = 18BFA72722BD5EFE000C09B7 /* Project object */;
}
